// !$*UTF8*$!
{
	archiveVersion = 1;
	classes = {
	};
	objectVersion = 46;
	objects = {

/* Begin PBXBuildFile section */
		6A4F2CA51F1F02C300A34FFB /* AppDelegate.swift in Sources */ = {isa = PBXBuildFile; fileRef = 6A4F2CA41F1F02C300A34FFB /* AppDelegate.swift */; };
		6A4F2CA71F1F02C300A34FFB /* ViewController.swift in Sources */ = {isa = PBXBuildFile; fileRef = 6A4F2CA61F1F02C300A34FFB /* ViewController.swift */; };
		6A4F2CAA1F1F02C300A34FFB /* Main.storyboard in Resources */ = {isa = PBXBuildFile; fileRef = 6A4F2CA81F1F02C300A34FFB /* Main.storyboard */; };
		6A4F2CAC1F1F02C300A34FFB /* Assets.xcassets in Resources */ = {isa = PBXBuildFile; fileRef = 6A4F2CAB1F1F02C300A34FFB /* Assets.xcassets */; };
		6A4F2CAF1F1F02C300A34FFB /* LaunchScreen.storyboard in Resources */ = {isa = PBXBuildFile; fileRef = 6A4F2CAD1F1F02C300A34FFB /* LaunchScreen.storyboard */; };
		6A4F2CBA1F1F02C300A34FFB /* MapSampleTests.swift in Sources */ = {isa = PBXBuildFile; fileRef = 6A4F2CB91F1F02C300A34FFB /* MapSampleTests.swift */; };
		6A4F2CC51F1F02C300A34FFB /* MapSampleUITests.swift in Sources */ = {isa = PBXBuildFile; fileRef = 6A4F2CC41F1F02C300A34FFB /* MapSampleUITests.swift */; };
		6AA50B021F1F03320041823D /* MapKit.framework in Frameworks */ = {isa = PBXBuildFile; fileRef = 6AA50B011F1F03320041823D /* MapKit.framework */; };
		6AA50B041F1F03450041823D /* CoreLocation.framework in Frameworks */ = {isa = PBXBuildFile; fileRef = 6AA50B031F1F03450041823D /* CoreLocation.framework */; };
/* End PBXBuildFile section */

/* Begin PBXContainerItemProxy section */
		6A4F2CB61F1F02C300A34FFB /* PBXContainerItemProxy */ = {
			isa = PBXContainerItemProxy;
			containerPortal = 6A4F2C991F1F02C300A34FFB /* Project object */;
			proxyType = 1;
			remoteGlobalIDString = 6A4F2CA01F1F02C300A34FFB;
			remoteInfo = MapSample;
		};
		6A4F2CC11F1F02C300A34FFB /* PBXContainerItemProxy */ = {
			isa = PBXContainerItemProxy;
			containerPortal = 6A4F2C991F1F02C300A34FFB /* Project object */;
			proxyType = 1;
			remoteGlobalIDString = 6A4F2CA01F1F02C300A34FFB;
			remoteInfo = MapSample;
		};
/* End PBXContainerItemProxy section */

/* Begin PBXFileReference section */
		6A4F2CA11F1F02C300A34FFB /* MapSample.app */ = {isa = PBXFileReference; explicitFileType = wrapper.application; includeInIndex = 0; path = MapSample.app; sourceTree = BUILT_PRODUCTS_DIR; };
		6A4F2CA41F1F02C300A34FFB /* AppDelegate.swift */ = {isa = PBXFileReference; lastKnownFileType = sourcecode.swift; path = AppDelegate.swift; sourceTree = "<group>"; };
		6A4F2CA61F1F02C300A34FFB /* ViewController.swift */ = {isa = PBXFileReference; lastKnownFileType = sourcecode.swift; path = ViewController.swift; sourceTree = "<group>"; };
		6A4F2CA91F1F02C300A34FFB /* Base */ = {isa = PBXFileReference; lastKnownFileType = file.storyboard; name = Base; path = Base.lproj/Main.storyboard; sourceTree = "<group>"; };
		6A4F2CAB1F1F02C300A34FFB /* Assets.xcassets */ = {isa = PBXFileReference; lastKnownFileType = folder.assetcatalog; path = Assets.xcassets; sourceTree = "<group>"; };
		6A4F2CAE1F1F02C300A34FFB /* Base */ = {isa = PBXFileReference; lastKnownFileType = file.storyboard; name = Base; path = Base.lproj/LaunchScreen.storyboard; sourceTree = "<group>"; };
		6A4F2CB01F1F02C300A34FFB /* Info.plist */ = {isa = PBXFileReference; lastKnownFileType = text.plist.xml; path = Info.plist; sourceTree = "<group>"; };
		6A4F2CB51F1F02C300A34FFB /* MapSampleTests.xctest */ = {isa = PBXFileReference; explicitFileType = wrapper.cfbundle; includeInIndex = 0; path = MapSampleTests.xctest; sourceTree = BUILT_PRODUCTS_DIR; };
		6A4F2CB91F1F02C300A34FFB /* MapSampleTests.swift */ = {isa = PBXFileReference; lastKnownFileType = sourcecode.swift; path = MapSampleTests.swift; sourceTree = "<group>"; };
		6A4F2CBB1F1F02C300A34FFB /* Info.plist */ = {isa = PBXFileReference; lastKnownFileType = text.plist.xml; path = Info.plist; sourceTree = "<group>"; };
		6A4F2CC01F1F02C300A34FFB /* MapSampleUITests.xctest */ = {isa = PBXFileReference; explicitFileType = wrapper.cfbundle; includeInIndex = 0; path = MapSampleUITests.xctest; sourceTree = BUILT_PRODUCTS_DIR; };
		6A4F2CC41F1F02C300A34FFB /* MapSampleUITests.swift */ = {isa = PBXFileReference; lastKnownFileType = sourcecode.swift; path = MapSampleUITests.swift; sourceTree = "<group>"; };
		6A4F2CC61F1F02C300A34FFB /* Info.plist */ = {isa = PBXFileReference; lastKnownFileType = text.plist.xml; path = Info.plist; sourceTree = "<group>"; };
		6AA50B011F1F03320041823D /* MapKit.framework */ = {isa = PBXFileReference; lastKnownFileType = wrapper.framework; name = MapKit.framework; path = System/Library/Frameworks/MapKit.framework; sourceTree = SDKROOT; };
		6AA50B031F1F03450041823D /* CoreLocation.framework */ = {isa = PBXFileReference; lastKnownFileType = wrapper.framework; name = CoreLocation.framework; path = System/Library/Frameworks/CoreLocation.framework; sourceTree = SDKROOT; };
/* End PBXFileReference section */

/* Begin PBXFrameworksBuildPhase section */
		6A4F2C9E1F1F02C300A34FFB /* Frameworks */ = {
			isa = PBXFrameworksBuildPhase;
			buildActionMask = 2147483647;
			files = (
				6AA50B041F1F03450041823D /* CoreLocation.framework in Frameworks */,
				6AA50B021F1F03320041823D /* MapKit.framework in Frameworks */,
			);
			runOnlyForDeploymentPostprocessing = 0;
		};
		6A4F2CB21F1F02C300A34FFB /* Frameworks */ = {
			isa = PBXFrameworksBuildPhase;
			buildActionMask = 2147483647;
			files = (
			);
			runOnlyForDeploymentPostprocessing = 0;
		};
		6A4F2CBD1F1F02C300A34FFB /* Frameworks */ = {
			isa = PBXFrameworksBuildPhase;
			buildActionMask = 2147483647;
			files = (
			);
			runOnlyForDeploymentPostprocessing = 0;
		};
/* End PBXFrameworksBuildPhase section */

/* Begin PBXGroup section */
		6A4F2C981F1F02C300A34FFB = {
			isa = PBXGroup;
			children = (
				6A4F2CA31F1F02C300A34FFB /* MapSample */,
				6A4F2CB81F1F02C300A34FFB /* MapSampleTests */,
				6A4F2CC31F1F02C300A34FFB /* MapSampleUITests */,
				6A4F2CA21F1F02C300A34FFB /* Products */,
				6AA50B001F1F03310041823D /* Frameworks */,
			);
			sourceTree = "<group>";
		};
		6A4F2CA21F1F02C300A34FFB /* Products */ = {
			isa = PBXGroup;
			children = (
				6A4F2CA11F1F02C300A34FFB /* MapSample.app */,
				6A4F2CB51F1F02C300A34FFB /* MapSampleTests.xctest */,
				6A4F2CC01F1F02C300A34FFB /* MapSampleUITests.xctest */,
			);
			name = Products;
			sourceTree = "<group>";
		};
		6A4F2CA31F1F02C300A34FFB /* MapSample */ = {
			isa = PBXGroup;
			children = (
				6A4F2CA41F1F02C300A34FFB /* AppDelegate.swift */,
				6A4F2CA61F1F02C300A34FFB /* ViewController.swift */,
				6A4F2CA81F1F02C300A34FFB /* Main.storyboard */,
				6A4F2CAB1F1F02C300A34FFB /* Assets.xcassets */,
				6A4F2CAD1F1F02C300A34FFB /* LaunchScreen.storyboard */,
				6A4F2CB01F1F02C300A34FFB /* Info.plist */,
			);
			path = MapSample;
			sourceTree = "<group>";
		};
		6A4F2CB81F1F02C300A34FFB /* MapSampleTests */ = {
			isa = PBXGroup;
			children = (
				6A4F2CB91F1F02C300A34FFB /* MapSampleTests.swift */,
				6A4F2CBB1F1F02C300A34FFB /* Info.plist */,
			);
			path = MapSampleTests;
			sourceTree = "<group>";
		};
		6A4F2CC31F1F02C300A34FFB /* MapSampleUITests */ = {
			isa = PBXGroup;
			children = (
				6A4F2CC41F1F02C300A34FFB /* MapSampleUITests.swift */,
				6A4F2CC61F1F02C300A34FFB /* Info.plist */,
			);
			path = MapSampleUITests;
			sourceTree = "<group>";
		};
		6AA50B001F1F03310041823D /* Frameworks */ = {
			isa = PBXGroup;
			children = (
				6AA50B031F1F03450041823D /* CoreLocation.framework */,
				6AA50B011F1F03320041823D /* MapKit.framework */,
			);
			name = Frameworks;
			sourceTree = "<group>";
		};
/* End PBXGroup section */

/* Begin PBXNativeTarget section */
		6A4F2CA01F1F02C300A34FFB /* MapSample */ = {
			isa = PBXNativeTarget;
			buildConfigurationList = 6A4F2CC91F1F02C300A34FFB /* Build configuration list for PBXNativeTarget "MapSample" */;
			buildPhases = (
				6A4F2C9D1F1F02C300A34FFB /* Sources */,
				6A4F2C9E1F1F02C300A34FFB /* Frameworks */,
				6A4F2C9F1F1F02C300A34FFB /* Resources */,
			);
			buildRules = (
			);
			dependencies = (
			);
			name = MapSample;
			productName = MapSample;
			productReference = 6A4F2CA11F1F02C300A34FFB /* MapSample.app */;
			productType = "com.apple.product-type.application";
		};
		6A4F2CB41F1F02C300A34FFB /* MapSampleTests */ = {
			isa = PBXNativeTarget;
			buildConfigurationList = 6A4F2CCC1F1F02C300A34FFB /* Build configuration list for PBXNativeTarget "MapSampleTests" */;
			buildPhases = (
				6A4F2CB11F1F02C300A34FFB /* Sources */,
				6A4F2CB21F1F02C300A34FFB /* Frameworks */,
				6A4F2CB31F1F02C300A34FFB /* Resources */,
			);
			buildRules = (
			);
			dependencies = (
				6A4F2CB71F1F02C300A34FFB /* PBXTargetDependency */,
			);
			name = MapSampleTests;
			productName = MapSampleTests;
			productReference = 6A4F2CB51F1F02C300A34FFB /* MapSampleTests.xctest */;
			productType = "com.apple.product-type.bundle.unit-test";
		};
		6A4F2CBF1F1F02C300A34FFB /* MapSampleUITests */ = {
			isa = PBXNativeTarget;
			buildConfigurationList = 6A4F2CCF1F1F02C300A34FFB /* Build configuration list for PBXNativeTarget "MapSampleUITests" */;
			buildPhases = (
				6A4F2CBC1F1F02C300A34FFB /* Sources */,
				6A4F2CBD1F1F02C300A34FFB /* Frameworks */,
				6A4F2CBE1F1F02C300A34FFB /* Resources */,
			);
			buildRules = (
			);
			dependencies = (
				6A4F2CC21F1F02C300A34FFB /* PBXTargetDependency */,
			);
			name = MapSampleUITests;
			productName = MapSampleUITests;
			productReference = 6A4F2CC01F1F02C300A34FFB /* MapSampleUITests.xctest */;
			productType = "com.apple.product-type.bundle.ui-testing";
		};
/* End PBXNativeTarget section */

/* Begin PBXProject section */
		6A4F2C991F1F02C300A34FFB /* Project object */ = {
			isa = PBXProject;
			attributes = {
				LastSwiftUpdateCheck = 0830;
				LastUpgradeCheck = 0830;
				ORGANIZATIONNAME = Yusk;
				TargetAttributes = {
					6A4F2CA01F1F02C300A34FFB = {
						CreatedOnToolsVersion = 8.3.3;
						DevelopmentTeam = 29WDMRHMLA;
						ProvisioningStyle = Automatic;
					};
					6A4F2CB41F1F02C300A34FFB = {
						CreatedOnToolsVersion = 8.3.3;
						DevelopmentTeam = 29WDMRHMLA;
						ProvisioningStyle = Automatic;
						TestTargetID = 6A4F2CA01F1F02C300A34FFB;
					};
					6A4F2CBF1F1F02C300A34FFB = {
						CreatedOnToolsVersion = 8.3.3;
						DevelopmentTeam = 29WDMRHMLA;
						ProvisioningStyle = Automatic;
						TestTargetID = 6A4F2CA01F1F02C300A34FFB;
					};
				};
			};
			buildConfigurationList = 6A4F2C9C1F1F02C300A34FFB /* Build configuration list for PBXProject "MapSample" */;
			compatibilityVersion = "Xcode 3.2";
			developmentRegion = English;
			hasScannedForEncodings = 0;
			knownRegions = (
				en,
				Base,
			);
			mainGroup = 6A4F2C981F1F02C300A34FFB;
			productRefGroup = 6A4F2CA21F1F02C300A34FFB /* Products */;
			projectDirPath = "";
			projectRoot = "";
			targets = (
				6A4F2CA01F1F02C300A34FFB /* MapSample */,
				6A4F2CB41F1F02C300A34FFB /* MapSampleTests */,
				6A4F2CBF1F1F02C300A34FFB /* MapSampleUITests */,
			);
		};
/* End PBXProject section */

/* Begin PBXResourcesBuildPhase section */
		6A4F2C9F1F1F02C300A34FFB /* Resources */ = {
			isa = PBXResourcesBuildPhase;
			buildActionMask = 2147483647;
			files = (
				6A4F2CAF1F1F02C300A34FFB /* LaunchScreen.storyboard in Resources */,
				6A4F2CAC1F1F02C300A34FFB /* Assets.xcassets in Resources */,
				6A4F2CAA1F1F02C300A34FFB /* Main.storyboard in Resources */,
			);
			runOnlyForDeploymentPostprocessing = 0;
		};
		6A4F2CB31F1F02C300A34FFB /* Resources */ = {
			isa = PBXResourcesBuildPhase;
			buildActionMask = 2147483647;
			files = (
			);
			runOnlyForDeploymentPostprocessing = 0;
		};
		6A4F2CBE1F1F02C300A34FFB /* Resources */ = {
			isa = PBXResourcesBuildPhase;
			buildActionMask = 2147483647;
			files = (
			);
			runOnlyForDeploymentPostprocessing = 0;
		};
/* End PBXResourcesBuildPhase section */

/* Begin PBXSourcesBuildPhase section */
		6A4F2C9D1F1F02C300A34FFB /* Sources */ = {
			isa = PBXSourcesBuildPhase;
			buildActionMask = 2147483647;
			files = (
				6A4F2CA71F1F02C300A34FFB /* ViewController.swift in Sources */,
				6A4F2CA51F1F02C300A34FFB /* AppDelegate.swift in Sources */,
			);
			runOnlyForDeploymentPostprocessing = 0;
		};
		6A4F2CB11F1F02C300A34FFB /* Sources */ = {
			isa = PBXSourcesBuildPhase;
			buildActionMask = 2147483647;
			files = (
				6A4F2CBA1F1F02C300A34FFB /* MapSampleTests.swift in Sources */,
			);
			runOnlyForDeploymentPostprocessing = 0;
		};
		6A4F2CBC1F1F02C300A34FFB /* Sources */ = {
			isa = PBXSourcesBuildPhase;
			buildActionMask = 2147483647;
			files = (
				6A4F2CC51F1F02C300A34FFB /* MapSampleUITests.swift in Sources */,
			);
			runOnlyForDeploymentPostprocessing = 0;
		};
/* End PBXSourcesBuildPhase section */

/* Begin PBXTargetDependency section */
		6A4F2CB71F1F02C300A34FFB /* PBXTargetDependency */ = {
			isa = PBXTargetDependency;
			target = 6A4F2CA01F1F02C300A34FFB /* MapSample */;
			targetProxy = 6A4F2CB61F1F02C300A34FFB /* PBXContainerItemProxy */;
		};
		6A4F2CC21F1F02C300A34FFB /* PBXTargetDependency */ = {
			isa = PBXTargetDependency;
			target = 6A4F2CA01F1F02C300A34FFB /* MapSample */;
			targetProxy = 6A4F2CC11F1F02C300A34FFB /* PBXContainerItemProxy */;
		};
/* End PBXTargetDependency section */

/* Begin PBXVariantGroup section */
		6A4F2CA81F1F02C300A34FFB /* Main.storyboard */ = {
			isa = PBXVariantGroup;
			children = (
				6A4F2CA91F1F02C300A34FFB /* Base */,
			);
			name = Main.storyboard;
			sourceTree = "<group>";
		};
		6A4F2CAD1F1F02C300A34FFB /* LaunchScreen.storyboard */ = {
			isa = PBXVariantGroup;
			children = (
				6A4F2CAE1F1F02C300A34FFB /* Base */,
			);
			name = LaunchScreen.storyboard;
			sourceTree = "<group>";
		};
/* End PBXVariantGroup section */

/* Begin XCBuildConfiguration section */
		6A4F2CC71F1F02C300A34FFB /* Debug */ = {
			isa = XCBuildConfiguration;
			buildSettings = {
				ALWAYS_SEARCH_USER_PATHS = NO;
				CLANG_ANALYZER_NONNULL = YES;
				CLANG_ANALYZER_NUMBER_OBJECT_CONVERSION = YES_AGGRESSIVE;
				CLANG_CXX_LANGUAGE_STANDARD = "gnu++0x";
				CLANG_CXX_LIBRARY = "libc++";
				CLANG_ENABLE_MODULES = YES;
				CLANG_ENABLE_OBJC_ARC = YES;
				CLANG_WARN_BOOL_CONVERSION = YES;
				CLANG_WARN_CONSTANT_CONVERSION = YES;
				CLANG_WARN_DIRECT_OBJC_ISA_USAGE = YES_ERROR;
				CLANG_WARN_DOCUMENTATION_COMMENTS = YES;
				CLANG_WARN_EMPTY_BODY = YES;
				CLANG_WARN_ENUM_CONVERSION = YES;
				CLANG_WARN_INFINITE_RECURSION = YES;
				CLANG_WARN_INT_CONVERSION = YES;
				CLANG_WARN_OBJC_ROOT_CLASS = YES_ERROR;
				CLANG_WARN_SUSPICIOUS_MOVE = YES;
				CLANG_WARN_UNREACHABLE_CODE = YES;
				CLANG_WARN__DUPLICATE_METHOD_MATCH = YES;
				"CODE_SIGN_IDENTITY[sdk=iphoneos*]" = "iPhone Developer";
				COPY_PHASE_STRIP = NO;
				DEBUG_INFORMATION_FORMAT = dwarf;
				ENABLE_STRICT_OBJC_MSGSEND = YES;
				ENABLE_TESTABILITY = YES;
				GCC_C_LANGUAGE_STANDARD = gnu99;
				GCC_DYNAMIC_NO_PIC = NO;
				GCC_NO_COMMON_BLOCKS = YES;
				GCC_OPTIMIZATION_LEVEL = 0;
				GCC_PREPROCESSOR_DEFINITIONS = (
					"DEBUG=1",
					"$(inherited)",
				);
				GCC_WARN_64_TO_32_BIT_CONVERSION = YES;
				GCC_WARN_ABOUT_RETURN_TYPE = YES_ERROR;
				GCC_WARN_UNDECLARED_SELECTOR = YES;
				GCC_WARN_UNINITIALIZED_AUTOS = YES_AGGRESSIVE;
				GCC_WARN_UNUSED_FUNCTION = YES;
				GCC_WARN_UNUSED_VARIABLE = YES;
				IPHONEOS_DEPLOYMENT_TARGET = 10.3;
				MTL_ENABLE_DEBUG_INFO = YES;
				ONLY_ACTIVE_ARCH = YES;
				SDKROOT = iphoneos;
				SWIFT_ACTIVE_COMPILATION_CONDITIONS = DEBUG;
				SWIFT_OPTIMIZATION_LEVEL = "-Onone";
			};
			name = Debug;
		};
		6A4F2CC81F1F02C300A34FFB /* Release */ = {
			isa = XCBuildConfiguration;
			buildSettings = {
				ALWAYS_SEARCH_USER_PATHS = NO;
				CLANG_ANALYZER_NONNULL = YES;
				CLANG_ANALYZER_NUMBER_OBJECT_CONVERSION = YES_AGGRESSIVE;
				CLANG_CXX_LANGUAGE_STANDARD = "gnu++0x";
				CLANG_CXX_LIBRARY = "libc++";
				CLANG_ENABLE_MODULES = YES;
				CLANG_ENABLE_OBJC_ARC = YES;
				CLANG_WARN_BOOL_CONVERSION = YES;
				CLANG_WARN_CONSTANT_CONVERSION = YES;
				CLANG_WARN_DIRECT_OBJC_ISA_USAGE = YES_ERROR;
				CLANG_WARN_DOCUMENTATION_COMMENTS = YES;
				CLANG_WARN_EMPTY_BODY = YES;
				CLANG_WARN_ENUM_CONVERSION = YES;
				CLANG_WARN_INFINITE_RECURSION = YES;
				CLANG_WARN_INT_CONVERSION = YES;
				CLANG_WARN_OBJC_ROOT_CLASS = YES_ERROR;
				CLANG_WARN_SUSPICIOUS_MOVE = YES;
				CLANG_WARN_UNREACHABLE_CODE = YES;
				CLANG_WARN__DUPLICATE_METHOD_MATCH = YES;
				"CODE_SIGN_IDENTITY[sdk=iphoneos*]" = "iPhone Developer";
				COPY_PHASE_STRIP = NO;
				DEBUG_INFORMATION_FORMAT = "dwarf-with-dsym";
				ENABLE_NS_ASSERTIONS = NO;
				ENABLE_STRICT_OBJC_MSGSEND = YES;
				GCC_C_LANGUAGE_STANDARD = gnu99;
				GCC_NO_COMMON_BLOCKS = YES;
				GCC_WARN_64_TO_32_BIT_CONVERSION = YES;
				GCC_WARN_ABOUT_RETURN_TYPE = YES_ERROR;
				GCC_WARN_UNDECLARED_SELECTOR = YES;
				GCC_WARN_UNINITIALIZED_AUTOS = YES_AGGRESSIVE;
				GCC_WARN_UNUSED_FUNCTION = YES;
				GCC_WARN_UNUSED_VARIABLE = YES;
				IPHONEOS_DEPLOYMENT_TARGET = 10.3;
				MTL_ENABLE_DEBUG_INFO = NO;
				SDKROOT = iphoneos;
				SWIFT_OPTIMIZATION_LEVEL = "-Owholemodule";
				VALIDATE_PRODUCT = YES;
			};
			name = Release;
		};
		6A4F2CCA1F1F02C300A34FFB /* Debug */ = {
			isa = XCBuildConfiguration;
			buildSettings = {
				ASSETCATALOG_COMPILER_APPICON_NAME = AppIcon;
				DEVELOPMENT_TEAM = 29WDMRHMLA;
				INFOPLIST_FILE = MapSample/Info.plist;
				IPHONEOS_DEPLOYMENT_TARGET = 10.3;
				LD_RUNPATH_SEARCH_PATHS = "$(inherited) @executable_path/Frameworks";
				PRODUCT_BUNDLE_IDENTIFIER = jp.co.4dpocket..MapSample;
				PRODUCT_NAME = "$(TARGET_NAME)";
				SWIFT_VERSION = 3.0;
			};
			name = Debug;
		};
		6A4F2CCB1F1F02C300A34FFB /* Release */ = {
			isa = XCBuildConfiguration;
			buildSettings = {
				ASSETCATALOG_COMPILER_APPICON_NAME = AppIcon;
				DEVELOPMENT_TEAM = 29WDMRHMLA;
				INFOPLIST_FILE = MapSample/Info.plist;
				IPHONEOS_DEPLOYMENT_TARGET = 10.3;
				LD_RUNPATH_SEARCH_PATHS = "$(inherited) @executable_path/Frameworks";
				PRODUCT_BUNDLE_IDENTIFIER = jp.co.4dpocket..MapSample;
				PRODUCT_NAME = "$(TARGET_NAME)";
				SWIFT_VERSION = 3.0;
			};
			name = Release;
		};
		6A4F2CCD1F1F02C300A34FFB /* Debug */ = {
			isa = XCBuildConfiguration;
			buildSettings = {
				ALWAYS_EMBED_SWIFT_STANDARD_LIBRARIES = YES;
				BUNDLE_LOADER = "$(TEST_HOST)";
				DEVELOPMENT_TEAM = 29WDMRHMLA;
				INFOPLIST_FILE = MapSampleTests/Info.plist;
				LD_RUNPATH_SEARCH_PATHS = "$(inherited) @executable_path/Frameworks @loader_path/Frameworks";
				PRODUCT_BUNDLE_IDENTIFIER = jp.co.4dpocket..MapSampleTests;
				PRODUCT_NAME = "$(TARGET_NAME)";
				SWIFT_VERSION = 3.0;
				TEST_HOST = "$(BUILT_PRODUCTS_DIR)/MapSample.app/MapSample";
			};
			name = Debug;
		};
		6A4F2CCE1F1F02C300A34FFB /* Release */ = {
			isa = XCBuildConfiguration;
			buildSettings = {
				ALWAYS_EMBED_SWIFT_STANDARD_LIBRARIES = YES;
				BUNDLE_LOADER = "$(TEST_HOST)";
				DEVELOPMENT_TEAM = 29WDMRHMLA;
				INFOPLIST_FILE = MapSampleTests/Info.plist;
				LD_RUNPATH_SEARCH_PATHS = "$(inherited) @executable_path/Frameworks @loader_path/Frameworks";
				PRODUCT_BUNDLE_IDENTIFIER = jp.co.4dpocket..MapSampleTests;
				PRODUCT_NAME = "$(TARGET_NAME)";
				SWIFT_VERSION = 3.0;
				TEST_HOST = "$(BUILT_PRODUCTS_DIR)/MapSample.app/MapSample";
			};
			name = Release;
		};
		6A4F2CD01F1F02C300A34FFB /* Debug */ = {
			isa = XCBuildConfiguration;
			buildSettings = {
				ALWAYS_EMBED_SWIFT_STANDARD_LIBRARIES = YES;
				DEVELOPMENT_TEAM = 29WDMRHMLA;
				INFOPLIST_FILE = MapSampleUITests/Info.plist;
				LD_RUNPATH_SEARCH_PATHS = "$(inherited) @executable_path/Frameworks @loader_path/Frameworks";
				PRODUCT_BUNDLE_IDENTIFIER = jp.co.4dpocket..MapSampleUITests;
				PRODUCT_NAME = "$(TARGET_NAME)";
				SWIFT_VERSION = 3.0;
				TEST_TARGET_NAME = MapSample;
			};
			name = Debug;
		};
		6A4F2CD11F1F02C300A34FFB /* Release */ = {
			isa = XCBuildConfiguration;
			buildSettings = {
				ALWAYS_EMBED_SWIFT_STANDARD_LIBRARIES = YES;
				DEVELOPMENT_TEAM = 29WDMRHMLA;
				INFOPLIST_FILE = MapSampleUITests/Info.plist;
				LD_RUNPATH_SEARCH_PATHS = "$(inherited) @executable_path/Frameworks @loader_path/Frameworks";
				PRODUCT_BUNDLE_IDENTIFIER = jp.co.4dpocket..MapSampleUITests;
				PRODUCT_NAME = "$(TARGET_NAME)";
				SWIFT_VERSION = 3.0;
				TEST_TARGET_NAME = MapSample;
			};
			name = Release;
		};
/* End XCBuildConfiguration section */

/* Begin XCConfigurationList section */
		6A4F2C9C1F1F02C300A34FFB /* Build configuration list for PBXProject "MapSample" */ = {
			isa = XCConfigurationList;
			buildConfigurations = (
				6A4F2CC71F1F02C300A34FFB /* Debug */,
				6A4F2CC81F1F02C300A34FFB /* Release */,
			);
			defaultConfigurationIsVisible = 0;
			defaultConfigurationName = Release;
		};
		6A4F2CC91F1F02C300A34FFB /* Build configuration list for PBXNativeTarget "MapSample" */ = {
			isa = XCConfigurationList;
			buildConfigurations = (
				6A4F2CCA1F1F02C300A34FFB /* Debug */,
				6A4F2CCB1F1F02C300A34FFB /* Release */,
			);
			defaultConfigurationIsVisible = 0;
			defaultConfigurationName = Release;
		};
		6A4F2CCC1F1F02C300A34FFB /* Build configuration list for PBXNativeTarget "MapSampleTests" */ = {
			isa = XCConfigurationList;
			buildConfigurations = (
				6A4F2CCD1F1F02C300A34FFB /* Debug */,
				6A4F2CCE1F1F02C300A34FFB /* Release */,
			);
			defaultConfigurationIsVisible = 0;
			defaultConfigurationName = Release;
		};
		6A4F2CCF1F1F02C300A34FFB /* Build configuration list for PBXNativeTarget "MapSampleUITests" */ = {
			isa = XCConfigurationList;
			buildConfigurations = (
				6A4F2CD01F1F02C300A34FFB /* Debug */,
				6A4F2CD11F1F02C300A34FFB /* Release */,
			);
			defaultConfigurationIsVisible = 0;
			defaultConfigurationName = Release;
		};
/* End XCConfigurationList section */
	};
	rootObject = 6A4F2C991F1F02C300A34FFB /* Project object */;
}
