// !$*UTF8*$!
{
	archiveVersion = 1;
	classes = {
	};
	objectVersion = 46;
	objects = {

/* Begin PBXBuildFile section */
		6A9BCC8D1F53E72100A08931 /* AppDelegate.swift in Sources */ = {isa = PBXBuildFile; fileRef = 6A9BCC8C1F53E72100A08931 /* AppDelegate.swift */; };
		6A9BCC8F1F53E72100A08931 /* ViewController.swift in Sources */ = {isa = PBXBuildFile; fileRef = 6A9BCC8E1F53E72100A08931 /* ViewController.swift */; };
		6A9BCC921F53E72100A08931 /* Main.storyboard in Resources */ = {isa = PBXBuildFile; fileRef = 6A9BCC901F53E72100A08931 /* Main.storyboard */; };
		6A9BCC941F53E72100A08931 /* Assets.xcassets in Resources */ = {isa = PBXBuildFile; fileRef = 6A9BCC931F53E72100A08931 /* Assets.xcassets */; };
		6A9BCC971F53E72100A08931 /* LaunchScreen.storyboard in Resources */ = {isa = PBXBuildFile; fileRef = 6A9BCC951F53E72100A08931 /* LaunchScreen.storyboard */; };
		6A9BCCA01F53E73D00A08931 /* CamCapture.swift in Sources */ = {isa = PBXBuildFile; fileRef = 6A9BCC9F1F53E73D00A08931 /* CamCapture.swift */; };
/* End PBXBuildFile section */

/* Begin PBXFileReference section */
		6A9BCC891F53E72100A08931 /* CameraSample_ios10.app */ = {isa = PBXFileReference; explicitFileType = wrapper.application; includeInIndex = 0; path = CameraSample_ios10.app; sourceTree = BUILT_PRODUCTS_DIR; };
		6A9BCC8C1F53E72100A08931 /* AppDelegate.swift */ = {isa = PBXFileReference; lastKnownFileType = sourcecode.swift; path = AppDelegate.swift; sourceTree = "<group>"; };
		6A9BCC8E1F53E72100A08931 /* ViewController.swift */ = {isa = PBXFileReference; lastKnownFileType = sourcecode.swift; path = ViewController.swift; sourceTree = "<group>"; };
		6A9BCC911F53E72100A08931 /* Base */ = {isa = PBXFileReference; lastKnownFileType = file.storyboard; name = Base; path = Base.lproj/Main.storyboard; sourceTree = "<group>"; };
		6A9BCC931F53E72100A08931 /* Assets.xcassets */ = {isa = PBXFileReference; lastKnownFileType = folder.assetcatalog; path = Assets.xcassets; sourceTree = "<group>"; };
		6A9BCC961F53E72100A08931 /* Base */ = {isa = PBXFileReference; lastKnownFileType = file.storyboard; name = Base; path = Base.lproj/LaunchScreen.storyboard; sourceTree = "<group>"; };
		6A9BCC981F53E72100A08931 /* Info.plist */ = {isa = PBXFileReference; lastKnownFileType = text.plist.xml; path = Info.plist; sourceTree = "<group>"; };
		6A9BCC9F1F53E73D00A08931 /* CamCapture.swift */ = {isa = PBXFileReference; fileEncoding = 4; lastKnownFileType = sourcecode.swift; path = CamCapture.swift; sourceTree = "<group>"; };
/* End PBXFileReference section */

/* Begin PBXFrameworksBuildPhase section */
		6A9BCC861F53E72100A08931 /* Frameworks */ = {
			isa = PBXFrameworksBuildPhase;
			buildActionMask = 2147483647;
			files = (
			);
			runOnlyForDeploymentPostprocessing = 0;
		};
/* End PBXFrameworksBuildPhase section */

/* Begin PBXGroup section */
		6A9BCC801F53E72100A08931 = {
			isa = PBXGroup;
			children = (
				6A9BCC8B1F53E72100A08931 /* CameraSample_ios10 */,
				6A9BCC8A1F53E72100A08931 /* Products */,
			);
			sourceTree = "<group>";
		};
		6A9BCC8A1F53E72100A08931 /* Products */ = {
			isa = PBXGroup;
			children = (
				6A9BCC891F53E72100A08931 /* CameraSample_ios10.app */,
			);
			name = Products;
			sourceTree = "<group>";
		};
		6A9BCC8B1F53E72100A08931 /* CameraSample_ios10 */ = {
			isa = PBXGroup;
			children = (
				6A9BCC8C1F53E72100A08931 /* AppDelegate.swift */,
				6A9BCC9F1F53E73D00A08931 /* CamCapture.swift */,
				6A9BCC8E1F53E72100A08931 /* ViewController.swift */,
				6A9BCC901F53E72100A08931 /* Main.storyboard */,
				6A9BCC931F53E72100A08931 /* Assets.xcassets */,
				6A9BCC951F53E72100A08931 /* LaunchScreen.storyboard */,
				6A9BCC981F53E72100A08931 /* Info.plist */,
			);
			path = CameraSample_ios10;
			sourceTree = "<group>";
		};
/* End PBXGroup section */

/* Begin PBXNativeTarget section */
		6A9BCC881F53E72100A08931 /* CameraSample_ios10 */ = {
			isa = PBXNativeTarget;
			buildConfigurationList = 6A9BCC9B1F53E72100A08931 /* Build configuration list for PBXNativeTarget "CameraSample_ios10" */;
			buildPhases = (
				6A9BCC851F53E72100A08931 /* Sources */,
				6A9BCC861F53E72100A08931 /* Frameworks */,
				6A9BCC871F53E72100A08931 /* Resources */,
			);
			buildRules = (
			);
			dependencies = (
			);
			name = CameraSample_ios10;
			productName = CameraSample_ios10;
			productReference = 6A9BCC891F53E72100A08931 /* CameraSample_ios10.app */;
			productType = "com.apple.product-type.application";
		};
/* End PBXNativeTarget section */

/* Begin PBXProject section */
		6A9BCC811F53E72100A08931 /* Project object */ = {
			isa = PBXProject;
			attributes = {
				LastSwiftUpdateCheck = 0830;
				LastUpgradeCheck = 0830;
				ORGANIZATIONNAME = Yusk;
				TargetAttributes = {
					6A9BCC881F53E72100A08931 = {
						CreatedOnToolsVersion = 8.3.3;
						DevelopmentTeam = 29WDMRHMLA;
						ProvisioningStyle = Automatic;
					};
				};
			};
			buildConfigurationList = 6A9BCC841F53E72100A08931 /* Build configuration list for PBXProject "CameraSample_ios10" */;
			compatibilityVersion = "Xcode 3.2";
			developmentRegion = English;
			hasScannedForEncodings = 0;
			knownRegions = (
				en,
				Base,
			);
			mainGroup = 6A9BCC801F53E72100A08931;
			productRefGroup = 6A9BCC8A1F53E72100A08931 /* Products */;
			projectDirPath = "";
			projectRoot = "";
			targets = (
				6A9BCC881F53E72100A08931 /* CameraSample_ios10 */,
			);
		};
/* End PBXProject section */

/* Begin PBXResourcesBuildPhase section */
		6A9BCC871F53E72100A08931 /* Resources */ = {
			isa = PBXResourcesBuildPhase;
			buildActionMask = 2147483647;
			files = (
				6A9BCC971F53E72100A08931 /* LaunchScreen.storyboard in Resources */,
				6A9BCC941F53E72100A08931 /* Assets.xcassets in Resources */,
				6A9BCC921F53E72100A08931 /* Main.storyboard in Resources */,
			);
			runOnlyForDeploymentPostprocessing = 0;
		};
/* End PBXResourcesBuildPhase section */

/* Begin PBXSourcesBuildPhase section */
		6A9BCC851F53E72100A08931 /* Sources */ = {
			isa = PBXSourcesBuildPhase;
			buildActionMask = 2147483647;
			files = (
				6A9BCC8F1F53E72100A08931 /* ViewController.swift in Sources */,
				6A9BCCA01F53E73D00A08931 /* CamCapture.swift in Sources */,
				6A9BCC8D1F53E72100A08931 /* AppDelegate.swift in Sources */,
			);
			runOnlyForDeploymentPostprocessing = 0;
		};
/* End PBXSourcesBuildPhase section */

/* Begin PBXVariantGroup section */
		6A9BCC901F53E72100A08931 /* Main.storyboard */ = {
			isa = PBXVariantGroup;
			children = (
				6A9BCC911F53E72100A08931 /* Base */,
			);
			name = Main.storyboard;
			sourceTree = "<group>";
		};
		6A9BCC951F53E72100A08931 /* LaunchScreen.storyboard */ = {
			isa = PBXVariantGroup;
			children = (
				6A9BCC961F53E72100A08931 /* Base */,
			);
			name = LaunchScreen.storyboard;
			sourceTree = "<group>";
		};
/* End PBXVariantGroup section */

/* Begin XCBuildConfiguration section */
		6A9BCC991F53E72100A08931 /* Debug */ = {
			isa = XCBuildConfiguration;
			buildSettings = {
				ALWAYS_SEARCH_USER_PATHS = NO;
				CLANG_ANALYZER_NONNULL = YES;
				CLANG_ANALYZER_NUMBER_OBJECT_CONVERSION = YES_AGGRESSIVE;
				CLANG_CXX_LANGUAGE_STANDARD = "gnu++0x";
				CLANG_CXX_LIBRARY = "libc++";
				CLANG_ENABLE_MODULES = YES;
				CLANG_ENABLE_OBJC_ARC = YES;
				CLANG_WARN_BOOL_CONVERSION = YES;
				CLANG_WARN_CONSTANT_CONVERSION = YES;
				CLANG_WARN_DIRECT_OBJC_ISA_USAGE = YES_ERROR;
				CLANG_WARN_DOCUMENTATION_COMMENTS = YES;
				CLANG_WARN_EMPTY_BODY = YES;
				CLANG_WARN_ENUM_CONVERSION = YES;
				CLANG_WARN_INFINITE_RECURSION = YES;
				CLANG_WARN_INT_CONVERSION = YES;
				CLANG_WARN_OBJC_ROOT_CLASS = YES_ERROR;
				CLANG_WARN_SUSPICIOUS_MOVE = YES;
				CLANG_WARN_UNREACHABLE_CODE = YES;
				CLANG_WARN__DUPLICATE_METHOD_MATCH = YES;
				"CODE_SIGN_IDENTITY[sdk=iphoneos*]" = "iPhone Developer";
				COPY_PHASE_STRIP = NO;
				DEBUG_INFORMATION_FORMAT = dwarf;
				ENABLE_STRICT_OBJC_MSGSEND = YES;
				ENABLE_TESTABILITY = YES;
				GCC_C_LANGUAGE_STANDARD = gnu99;
				GCC_DYNAMIC_NO_PIC = NO;
				GCC_NO_COMMON_BLOCKS = YES;
				GCC_OPTIMIZATION_LEVEL = 0;
				GCC_PREPROCESSOR_DEFINITIONS = (
					"DEBUG=1",
					"$(inherited)",
				);
				GCC_WARN_64_TO_32_BIT_CONVERSION = YES;
				GCC_WARN_ABOUT_RETURN_TYPE = YES_ERROR;
				GCC_WARN_UNDECLARED_SELECTOR = YES;
				GCC_WARN_UNINITIALIZED_AUTOS = YES_AGGRESSIVE;
				GCC_WARN_UNUSED_FUNCTION = YES;
				GCC_WARN_UNUSED_VARIABLE = YES;
				IPHONEOS_DEPLOYMENT_TARGET = 10.3;
				MTL_ENABLE_DEBUG_INFO = YES;
				ONLY_ACTIVE_ARCH = YES;
				SDKROOT = iphoneos;
				SWIFT_ACTIVE_COMPILATION_CONDITIONS = DEBUG;
				SWIFT_OPTIMIZATION_LEVEL = "-Onone";
			};
			name = Debug;
		};
		6A9BCC9A1F53E72100A08931 /* Release */ = {
			isa = XCBuildConfiguration;
			buildSettings = {
				ALWAYS_SEARCH_USER_PATHS = NO;
				CLANG_ANALYZER_NONNULL = YES;
				CLANG_ANALYZER_NUMBER_OBJECT_CONVERSION = YES_AGGRESSIVE;
				CLANG_CXX_LANGUAGE_STANDARD = "gnu++0x";
				CLANG_CXX_LIBRARY = "libc++";
				CLANG_ENABLE_MODULES = YES;
				CLANG_ENABLE_OBJC_ARC = YES;
				CLANG_WARN_BOOL_CONVERSION = YES;
				CLANG_WARN_CONSTANT_CONVERSION = YES;
				CLANG_WARN_DIRECT_OBJC_ISA_USAGE = YES_ERROR;
				CLANG_WARN_DOCUMENTATION_COMMENTS = YES;
				CLANG_WARN_EMPTY_BODY = YES;
				CLANG_WARN_ENUM_CONVERSION = YES;
				CLANG_WARN_INFINITE_RECURSION = YES;
				CLANG_WARN_INT_CONVERSION = YES;
				CLANG_WARN_OBJC_ROOT_CLASS = YES_ERROR;
				CLANG_WARN_SUSPICIOUS_MOVE = YES;
				CLANG_WARN_UNREACHABLE_CODE = YES;
				CLANG_WARN__DUPLICATE_METHOD_MATCH = YES;
				"CODE_SIGN_IDENTITY[sdk=iphoneos*]" = "iPhone Developer";
				COPY_PHASE_STRIP = NO;
				DEBUG_INFORMATION_FORMAT = "dwarf-with-dsym";
				ENABLE_NS_ASSERTIONS = NO;
				ENABLE_STRICT_OBJC_MSGSEND = YES;
				GCC_C_LANGUAGE_STANDARD = gnu99;
				GCC_NO_COMMON_BLOCKS = YES;
				GCC_WARN_64_TO_32_BIT_CONVERSION = YES;
				GCC_WARN_ABOUT_RETURN_TYPE = YES_ERROR;
				GCC_WARN_UNDECLARED_SELECTOR = YES;
				GCC_WARN_UNINITIALIZED_AUTOS = YES_AGGRESSIVE;
				GCC_WARN_UNUSED_FUNCTION = YES;
				GCC_WARN_UNUSED_VARIABLE = YES;
				IPHONEOS_DEPLOYMENT_TARGET = 10.3;
				MTL_ENABLE_DEBUG_INFO = NO;
				SDKROOT = iphoneos;
				SWIFT_OPTIMIZATION_LEVEL = "-Owholemodule";
				VALIDATE_PRODUCT = YES;
			};
			name = Release;
		};
		6A9BCC9C1F53E72100A08931 /* Debug */ = {
			isa = XCBuildConfiguration;
			buildSettings = {
				ASSETCATALOG_COMPILER_APPICON_NAME = AppIcon;
				DEVELOPMENT_TEAM = 29WDMRHMLA;
				INFOPLIST_FILE = CameraSample_ios10/Info.plist;
				LD_RUNPATH_SEARCH_PATHS = "$(inherited) @executable_path/Frameworks";
				PRODUCT_BUNDLE_IDENTIFIER = "jp.co.4dpocket..CameraSample-ios10";
				PRODUCT_NAME = "$(TARGET_NAME)";
				SWIFT_VERSION = 3.0;
			};
			name = Debug;
		};
		6A9BCC9D1F53E72100A08931 /* Release */ = {
			isa = XCBuildConfiguration;
			buildSettings = {
				ASSETCATALOG_COMPILER_APPICON_NAME = AppIcon;
				DEVELOPMENT_TEAM = 29WDMRHMLA;
				INFOPLIST_FILE = CameraSample_ios10/Info.plist;
				LD_RUNPATH_SEARCH_PATHS = "$(inherited) @executable_path/Frameworks";
				PRODUCT_BUNDLE_IDENTIFIER = "jp.co.4dpocket..CameraSample-ios10";
				PRODUCT_NAME = "$(TARGET_NAME)";
				SWIFT_VERSION = 3.0;
			};
			name = Release;
		};
/* End XCBuildConfiguration section */

/* Begin XCConfigurationList section */
		6A9BCC841F53E72100A08931 /* Build configuration list for PBXProject "CameraSample_ios10" */ = {
			isa = XCConfigurationList;
			buildConfigurations = (
				6A9BCC991F53E72100A08931 /* Debug */,
				6A9BCC9A1F53E72100A08931 /* Release */,
			);
			defaultConfigurationIsVisible = 0;
			defaultConfigurationName = Release;
		};
		6A9BCC9B1F53E72100A08931 /* Build configuration list for PBXNativeTarget "CameraSample_ios10" */ = {
			isa = XCConfigurationList;
			buildConfigurations = (
				6A9BCC9C1F53E72100A08931 /* Debug */,
				6A9BCC9D1F53E72100A08931 /* Release */,
			);
			defaultConfigurationIsVisible = 0;
		};
/* End XCConfigurationList section */
	};
	rootObject = 6A9BCC811F53E72100A08931 /* Project object */;
}
